
Microsoft Visual Studio Solution File, Format Version 12.00
# Visual Studio Version 17
VisualStudioVersion = 17.9.34728.123
MinimumVisualStudioVersion = 10.0.40219.1
Project("{FAE04EC0-301F-11D3-BF4B-00C04F79EFBC}") = "ConsoleApp1", "ConsoleApp1.csproj", "{1A8658D8-ECD8-467E-B8C0-AC4BF37E4AAB}"
EndProject
Global
	GlobalSection(SolutionConfigurationPlatforms) = preSolution
		Debug|Any CPU = Debug|Any CPU
		Release|Any CPU = Release|Any CPU
	EndGlobalSection
	GlobalSection(ProjectConfigurationPlatforms) = postSolution
		{1A8658D8-ECD8-467E-B8C0-AC4BF37E4AAB}.Debug|Any CPU.ActiveCfg = Debug|Any CPU
		{1A8658D8-ECD8-467E-B8C0-AC4BF37E4AAB}.Debug|Any CPU.Build.0 = Debug|Any CPU
		{1A8658D8-ECD8-467E-B8C0-AC4BF37E4AAB}.Release|Any CPU.ActiveCfg = Release|Any CPU
		{1A8658D8-ECD8-467E-B8C0-AC4BF37E4AAB}.Release|Any CPU.Build.0 = Release|Any CPU
	EndGlobalSection
	GlobalSection(SolutionProperties) = preSolution
		HideSolutionNode = FALSE
	EndGlobalSection
	GlobalSection(ExtensibilityGlobals) = postSolution
		SolutionGuid = {424EF8D7-F93D-4943-AADB-E0CC5EC4E787}
	EndGlobalSection
EndGlobal
