
Microsoft Visual Studio Solution File, Format Version 12.00
# Visual Studio Version 17
VisualStudioVersion = 17.9.34728.123
MinimumVisualStudioVersion = 10.0.40219.1
Project("{FAE04EC0-301F-11D3-BF4B-00C04F79EFBC}") = "Abstract-Interface", "Abstract-Interface.csproj", "{EE3A0AEA-056F-40EC-9075-7B1087B552FD}"
EndProject
Global
	GlobalSection(SolutionConfigurationPlatforms) = preSolution
		Debug|Any CPU = Debug|Any CPU
		Release|Any CPU = Release|Any CPU
	EndGlobalSection
	GlobalSection(ProjectConfigurationPlatforms) = postSolution
		{EE3A0AEA-056F-40EC-9075-7B1087B552FD}.Debug|Any CPU.ActiveCfg = Debug|Any CPU
		{EE3A0AEA-056F-40EC-9075-7B1087B552FD}.Debug|Any CPU.Build.0 = Debug|Any CPU
		{EE3A0AEA-056F-40EC-9075-7B1087B552FD}.Release|Any CPU.ActiveCfg = Release|Any CPU
		{EE3A0AEA-056F-40EC-9075-7B1087B552FD}.Release|Any CPU.Build.0 = Release|Any CPU
	EndGlobalSection
	GlobalSection(SolutionProperties) = preSolution
		HideSolutionNode = FALSE
	EndGlobalSection
	GlobalSection(ExtensibilityGlobals) = postSolution
		SolutionGuid = {E0C62DA7-CEC2-445E-83E6-EA46BF5A59E0}
	EndGlobalSection
EndGlobal
