
Microsoft Visual Studio Solution File, Format Version 12.00
# Visual Studio Version 17
VisualStudioVersion = 17.9.34728.123
MinimumVisualStudioVersion = 10.0.40219.1
Project("{FAE04EC0-301F-11D3-BF4B-00C04F79EFBC}") = "DependencyInversion", "DependencyInversion.csproj", "{A4BEEE1D-B419-4276-BB17-782D8B1BCCFC}"
EndProject
Global
	GlobalSection(SolutionConfigurationPlatforms) = preSolution
		Debug|Any CPU = Debug|Any CPU
		Release|Any CPU = Release|Any CPU
	EndGlobalSection
	GlobalSection(ProjectConfigurationPlatforms) = postSolution
		{A4BEEE1D-B419-4276-BB17-782D8B1BCCFC}.Debug|Any CPU.ActiveCfg = Debug|Any CPU
		{A4BEEE1D-B419-4276-BB17-782D8B1BCCFC}.Debug|Any CPU.Build.0 = Debug|Any CPU
		{A4BEEE1D-B419-4276-BB17-782D8B1BCCFC}.Release|Any CPU.ActiveCfg = Release|Any CPU
		{A4BEEE1D-B419-4276-BB17-782D8B1BCCFC}.Release|Any CPU.Build.0 = Release|Any CPU
	EndGlobalSection
	GlobalSection(SolutionProperties) = preSolution
		HideSolutionNode = FALSE
	EndGlobalSection
	GlobalSection(ExtensibilityGlobals) = postSolution
		SolutionGuid = {C1EE046D-53D6-498E-B1FC-255243F4F0DD}
	EndGlobalSection
EndGlobal
