
Microsoft Visual Studio Solution File, Format Version 12.00
# Visual Studio Version 17
VisualStudioVersion = 17.9.34728.123
MinimumVisualStudioVersion = 10.0.40219.1
Project("{FAE04EC0-301F-11D3-BF4B-00C04F79EFBC}") = "RepositoryPattern", "RepositoryPattern.csproj", "{BAF7CA07-6DF1-416E-B870-E934511E3700}"
EndProject
Global
	GlobalSection(SolutionConfigurationPlatforms) = preSolution
		Debug|Any CPU = Debug|Any CPU
		Release|Any CPU = Release|Any CPU
	EndGlobalSection
	GlobalSection(ProjectConfigurationPlatforms) = postSolution
		{BAF7CA07-6DF1-416E-B870-E934511E3700}.Debug|Any CPU.ActiveCfg = Debug|Any CPU
		{BAF7CA07-6DF1-416E-B870-E934511E3700}.Debug|Any CPU.Build.0 = Debug|Any CPU
		{BAF7CA07-6DF1-416E-B870-E934511E3700}.Release|Any CPU.ActiveCfg = Release|Any CPU
		{BAF7CA07-6DF1-416E-B870-E934511E3700}.Release|Any CPU.Build.0 = Release|Any CPU
	EndGlobalSection
	GlobalSection(SolutionProperties) = preSolution
		HideSolutionNode = FALSE
	EndGlobalSection
	GlobalSection(ExtensibilityGlobals) = postSolution
		SolutionGuid = {F01A069A-A581-44CF-B364-E48F345B2EB5}
	EndGlobalSection
EndGlobal
