
Microsoft Visual Studio Solution File, Format Version 12.00
# Visual Studio Version 17
VisualStudioVersion = 17.9.34728.123
MinimumVisualStudioVersion = 10.0.40219.1
Project("{FAE04EC0-301F-11D3-BF4B-00C04F79EFBC}") = "LiskovSubstitutionPrincible", "LiskovSubstitutionPrincible.csproj", "{766F6EF9-03F9-4EE7-AFD1-623AF4FB400E}"
EndProject
Project("{FAE04EC0-301F-11D3-BF4B-00C04F79EFBC}") = "ParameterType", "..\ParameterType\ParameterType.csproj", "{C73C9356-5F05-4247-B1EB-B1FF39553A92}"
EndProject
Project("{FAE04EC0-301F-11D3-BF4B-00C04F79EFBC}") = "ReturnTypes", "..\ReturnTypes\ReturnTypes.csproj", "{25836074-30BD-4EBD-B902-9E56286EA9C6}"
EndProject
Project("{FAE04EC0-301F-11D3-BF4B-00C04F79EFBC}") = "ExceptionHandling", "..\ExceptionHandling\ExceptionHandling.csproj", "{130A16D7-6523-475C-BC31-19041F965129}"
EndProject
Project("{FAE04EC0-301F-11D3-BF4B-00C04F79EFBC}") = "Preconditions", "..\Preconditions\Preconditions.csproj", "{28C70EF4-E771-4523-81AF-67FC7BB4EBCD}"
EndProject
Project("{FAE04EC0-301F-11D3-BF4B-00C04F79EFBC}") = "Postconditions", "..\Postconditions\Postconditions.csproj", "{B95D5F7D-EF04-46CD-B9C7-5C6C844441D6}"
EndProject
Project("{FAE04EC0-301F-11D3-BF4B-00C04F79EFBC}") = "Invariants", "..\Invariants\Invariants.csproj", "{134F2C89-5A5B-4E6D-B565-52FE4A17F783}"
EndProject
Global
	GlobalSection(SolutionConfigurationPlatforms) = preSolution
		Debug|Any CPU = Debug|Any CPU
		Release|Any CPU = Release|Any CPU
	EndGlobalSection
	GlobalSection(ProjectConfigurationPlatforms) = postSolution
		{766F6EF9-03F9-4EE7-AFD1-623AF4FB400E}.Debug|Any CPU.ActiveCfg = Debug|Any CPU
		{766F6EF9-03F9-4EE7-AFD1-623AF4FB400E}.Debug|Any CPU.Build.0 = Debug|Any CPU
		{766F6EF9-03F9-4EE7-AFD1-623AF4FB400E}.Release|Any CPU.ActiveCfg = Release|Any CPU
		{766F6EF9-03F9-4EE7-AFD1-623AF4FB400E}.Release|Any CPU.Build.0 = Release|Any CPU
		{C73C9356-5F05-4247-B1EB-B1FF39553A92}.Debug|Any CPU.ActiveCfg = Debug|Any CPU
		{C73C9356-5F05-4247-B1EB-B1FF39553A92}.Debug|Any CPU.Build.0 = Debug|Any CPU
		{C73C9356-5F05-4247-B1EB-B1FF39553A92}.Release|Any CPU.ActiveCfg = Release|Any CPU
		{C73C9356-5F05-4247-B1EB-B1FF39553A92}.Release|Any CPU.Build.0 = Release|Any CPU
		{25836074-30BD-4EBD-B902-9E56286EA9C6}.Debug|Any CPU.ActiveCfg = Debug|Any CPU
		{25836074-30BD-4EBD-B902-9E56286EA9C6}.Debug|Any CPU.Build.0 = Debug|Any CPU
		{25836074-30BD-4EBD-B902-9E56286EA9C6}.Release|Any CPU.ActiveCfg = Release|Any CPU
		{25836074-30BD-4EBD-B902-9E56286EA9C6}.Release|Any CPU.Build.0 = Release|Any CPU
		{130A16D7-6523-475C-BC31-19041F965129}.Debug|Any CPU.ActiveCfg = Debug|Any CPU
		{130A16D7-6523-475C-BC31-19041F965129}.Debug|Any CPU.Build.0 = Debug|Any CPU
		{130A16D7-6523-475C-BC31-19041F965129}.Release|Any CPU.ActiveCfg = Release|Any CPU
		{130A16D7-6523-475C-BC31-19041F965129}.Release|Any CPU.Build.0 = Release|Any CPU
		{28C70EF4-E771-4523-81AF-67FC7BB4EBCD}.Debug|Any CPU.ActiveCfg = Debug|Any CPU
		{28C70EF4-E771-4523-81AF-67FC7BB4EBCD}.Debug|Any CPU.Build.0 = Debug|Any CPU
		{28C70EF4-E771-4523-81AF-67FC7BB4EBCD}.Release|Any CPU.ActiveCfg = Release|Any CPU
		{28C70EF4-E771-4523-81AF-67FC7BB4EBCD}.Release|Any CPU.Build.0 = Release|Any CPU
		{B95D5F7D-EF04-46CD-B9C7-5C6C844441D6}.Debug|Any CPU.ActiveCfg = Debug|Any CPU
		{B95D5F7D-EF04-46CD-B9C7-5C6C844441D6}.Debug|Any CPU.Build.0 = Debug|Any CPU
		{B95D5F7D-EF04-46CD-B9C7-5C6C844441D6}.Release|Any CPU.ActiveCfg = Release|Any CPU
		{B95D5F7D-EF04-46CD-B9C7-5C6C844441D6}.Release|Any CPU.Build.0 = Release|Any CPU
		{134F2C89-5A5B-4E6D-B565-52FE4A17F783}.Debug|Any CPU.ActiveCfg = Debug|Any CPU
		{134F2C89-5A5B-4E6D-B565-52FE4A17F783}.Debug|Any CPU.Build.0 = Debug|Any CPU
		{134F2C89-5A5B-4E6D-B565-52FE4A17F783}.Release|Any CPU.ActiveCfg = Release|Any CPU
		{134F2C89-5A5B-4E6D-B565-52FE4A17F783}.Release|Any CPU.Build.0 = Release|Any CPU
	EndGlobalSection
	GlobalSection(SolutionProperties) = preSolution
		HideSolutionNode = FALSE
	EndGlobalSection
	GlobalSection(ExtensibilityGlobals) = postSolution
		SolutionGuid = {D80E9D30-993C-4E65-B550-71B0649F7CA6}
	EndGlobalSection
EndGlobal
