
Microsoft Visual Studio Solution File, Format Version 12.00
# Visual Studio Version 17
VisualStudioVersion = 17.9.34728.123
MinimumVisualStudioVersion = 10.0.40219.1
Project("{FAE04EC0-301F-11D3-BF4B-00C04F79EFBC}") = "Main", "Main.csproj", "{3BDE1613-424F-46A7-9E94-AD823965059F}"
EndProject
Project("{FAE04EC0-301F-11D3-BF4B-00C04F79EFBC}") = "AccessModifier", "..\AccessModifier\AccessModifier.csproj", "{DB732E1A-9572-4631-8855-E408C78C5F9A}"
EndProject
Global
	GlobalSection(SolutionConfigurationPlatforms) = preSolution
		Debug|Any CPU = Debug|Any CPU
		Release|Any CPU = Release|Any CPU
	EndGlobalSection
	GlobalSection(ProjectConfigurationPlatforms) = postSolution
		{3BDE1613-424F-46A7-9E94-AD823965059F}.Debug|Any CPU.ActiveCfg = Debug|Any CPU
		{3BDE1613-424F-46A7-9E94-AD823965059F}.Debug|Any CPU.Build.0 = Debug|Any CPU
		{3BDE1613-424F-46A7-9E94-AD823965059F}.Release|Any CPU.ActiveCfg = Release|Any CPU
		{3BDE1613-424F-46A7-9E94-AD823965059F}.Release|Any CPU.Build.0 = Release|Any CPU
		{DB732E1A-9572-4631-8855-E408C78C5F9A}.Debug|Any CPU.ActiveCfg = Debug|Any CPU
		{DB732E1A-9572-4631-8855-E408C78C5F9A}.Debug|Any CPU.Build.0 = Debug|Any CPU
		{DB732E1A-9572-4631-8855-E408C78C5F9A}.Release|Any CPU.ActiveCfg = Release|Any CPU
		{DB732E1A-9572-4631-8855-E408C78C5F9A}.Release|Any CPU.Build.0 = Release|Any CPU
	EndGlobalSection
	GlobalSection(SolutionProperties) = preSolution
		HideSolutionNode = FALSE
	EndGlobalSection
	GlobalSection(ExtensibilityGlobals) = postSolution
		SolutionGuid = {24E3DF8B-63F8-4B87-859B-6FBA64B738DB}
	EndGlobalSection
EndGlobal
